{
  "version": 4,
  "terraform_version": "1.7.1",
  "serial": 28,
  "lineage": "80368592-8999-b5e5-a662-b85084a3b198",
  "outputs": {},
  "resources": [
    {
      "mode": "managed",
      "type": "azurerm_linux_virtual_machine",
      "name": "Dev-vm",
      "provider": "provider[\"registry.terraform.io/hashicorp/azurerm\"]",
      "instances": [
        {
          "schema_version": 0,
          "attributes": {
            "additional_capabilities": [],
            "admin_password": null,
            "admin_ssh_key": [
              {
                "public_key": "ssh-rsa AAAAB3NzaC1yc2EAAAADAQABAAABgQCgcW9jHv9FVDzI1BhmHbY6DggeOPSkJ0i6P3xTvKmRjQSMsYxWcoN9IzAv+zDJSflm9pSwF3D8jvu0I9tZPg9ifCu3Pojo04+29jqV/ciDJYBx/UIZtQgqwZuKN6M3erlA8y0OawI/bnHHc1VujnvEipgjDBAlgwLYi7tr9aa1u029GbGz7kFpdA3YtD8Lu3Jcw04/wZanOOx75C4UMyEDUfJq96Ke7lo5mcbgDbs6rePMnjFtCX71pQZhy1jTlImkNUpiUX9l5bs6wSzbkvTiq/uxdc1uKUsMqfvVLNBytY5hQcFRy9XBducAKjv1r0tBf5K3eqSdKSudfj/X0nloPORBYFraCJY9xk1gIRHoe1lytZsRcwLN7Z3doy6OFJpe2U+dr+3s8mXVHnUppmFwG9kP7+KeR60EUPeOyT7K4rXzuaQXC01F7kKoqLULfq2nUHQ5/MbdkepfxbziRAP8vQFOHarhZ6KuYTKuhwi2jwdYgAFZZtecE8PP5zyzvh0= Abilash@DESKTOP-G73CLA5\n",
                "username": "adminuser"
              }
            ],
            "admin_username": "adminuser",
            "allow_extension_operations": true,
            "availability_set_id": "",
            "boot_diagnostics": [],
            "bypass_platform_safety_checks_on_user_schedule_enabled": false,
            "capacity_reservation_group_id": "",
            "computer_name": "dev-vm",
            "custom_data": "IyEvYmluL2Jhc2gNCnN1ZG8gYXB0LWdldCB1cGRhdGUgLXkgJiYNCnN1ZG8gYXB0LWdldCBpbnN0YWxsIC15IFwNCmFwdC10cmFuc3BvcnQtaHR0cHMgXA0KY2EtY2VydGlmaWNhdGVzIFwNCmN1cmwgXA0KZ251cGctYWdlbnQgXA0Kc29mdHdhcmUtcHJvcGVydGllcy1jb21tb24gJiYNCmN1cmwgLWZzU0wgaHR0cHM6Ly9kb3dubG9hZC5kb2NrZXIuY29tL2xpbnV4L3VidW50dS9ncGcgfCBzdWRvIGFwdC1rZXkgYWRkIC0gJiYNCnN1ZG8gYWRkLWFwdC1yZXBvc2l0b3J5ICJkZWIgW2FyY2g9YW1kNjRdIGh0dHBzOi8vZG93bmxvYWQuZG9ja2VyLmNvbS9saW51eC91YnVudHUgJChsc2JfcmVsZWFzZSAtY3MpIHN0YWJsZSIgJiYNCnN1ZG8gYXB0LWdldCB1cGRhdGUgLXkgJiYNCnN1ZG8gc3VkbyBhcHQtZ2V0IGluc3RhbGwgZG9ja2VyLWNlIGRvY2tlci1jZS1jbGkgY29udGFpbmVyZC5pbyAteSAmJg0Kc3VkbyB1c2VybW9kIC1hRyBkb2NrZXIgYWRtaW51c2Vy",
            "dedicated_host_group_id": "",
            "dedicated_host_id": "",
            "disable_password_authentication": true,
            "edge_zone": "",
            "encryption_at_host_enabled": false,
            "eviction_policy": "",
            "extensions_time_budget": "PT1H30M",
            "gallery_application": [],
            "id": "/subscriptions/f81e2c50-1e05-4c86-b7e7-6926e8e33043/resourceGroups/Dev-Environment/providers/Microsoft.Compute/virtualMachines/dev-vm",
            "identity": [],
            "license_type": "",
            "location": "australiaeast",
            "max_bid_price": -1,
            "name": "dev-vm",
            "network_interface_ids": [
              "/subscriptions/f81e2c50-1e05-4c86-b7e7-6926e8e33043/resourceGroups/Dev-Environment/providers/Microsoft.Network/networkInterfaces/Devlopment-nic"
            ],
            "os_disk": [
              {
                "caching": "ReadWrite",
                "diff_disk_settings": [],
                "disk_encryption_set_id": "",
                "disk_size_gb": 30,
                "name": "dev-vm_OsDisk_1_18957d0175a841e1a72d4e0d7fc68ba9",
                "secure_vm_disk_encryption_set_id": "",
                "security_encryption_type": "",
                "storage_account_type": "Standard_LRS",
                "write_accelerator_enabled": false
              }
            ],
            "patch_assessment_mode": "ImageDefault",
            "patch_mode": "ImageDefault",
            "plan": [],
            "platform_fault_domain": -1,
            "priority": "Regular",
            "private_ip_address": "10.122.1.4",
            "private_ip_addresses": [
              "10.122.1.4"
            ],
            "provision_vm_agent": true,
            "proximity_placement_group_id": "",
            "public_ip_address": "20.213.149.143",
            "public_ip_addresses": [
              "20.213.149.143"
            ],
            "reboot_setting": "",
            "resource_group_name": "Dev-Environment",
            "secret": [],
            "secure_boot_enabled": false,
            "size": "Standard_B1s",
            "source_image_id": "",
            "source_image_reference": [
              {
                "offer": "0001-com-ubuntu-server-jammy",
                "publisher": "Canonical",
                "sku": "22_04-lts-gen2",
                "version": "latest"
              }
            ],
            "tags": null,
            "termination_notification": null,
            "timeouts": null,
            "user_data": "",
            "virtual_machine_id": "84c3c657-ede4-42ab-995c-bd35ccaa06be",
            "virtual_machine_scale_set_id": "",
            "vtpm_enabled": false,
            "zone": ""
          },
          "sensitive_attributes": [],
          "private": "eyJlMmJmYjczMC1lY2FhLTExZTYtOGY4OC0zNDM2M2JjN2M0YzAiOnsiY3JlYXRlIjoyNzAwMDAwMDAwMDAwLCJkZWxldGUiOjI3MDAwMDAwMDAwMDAsInJlYWQiOjMwMDAwMDAwMDAwMCwidXBkYXRlIjoyNzAwMDAwMDAwMDAwfX0=",
          "dependencies": [
            "azurerm_network_interface.Dev-NIC",
            "azurerm_public_ip.Dev-Publicip",
            "azurerm_resource_group.Dev-Environment",
            "azurerm_subnet.Dev-Public-subnet",
            "azurerm_virtual_network.Dev-VN"
          ]
        }
      ]
    },
    {
      "mode": "managed",
      "type": "azurerm_network_interface",
      "name": "Dev-NIC",
      "provider": "provider[\"registry.terraform.io/hashicorp/azurerm\"]",
      "instances": [
        {
          "schema_version": 0,
          "attributes": {
            "applied_dns_servers": [],
            "auxiliary_mode": "",
            "auxiliary_sku": "",
            "dns_servers": [],
            "edge_zone": "",
            "enable_accelerated_networking": false,
            "enable_ip_forwarding": false,
            "id": "/subscriptions/f81e2c50-1e05-4c86-b7e7-6926e8e33043/resourceGroups/Dev-Environment/providers/Microsoft.Network/networkInterfaces/Devlopment-nic",
            "internal_dns_name_label": "",
            "internal_domain_name_suffix": "3sekjz2aeeguhgm1jjdfk2dvxf.px.internal.cloudapp.net",
            "ip_configuration": [
              {
                "gateway_load_balancer_frontend_ip_configuration_id": "",
                "name": "dev-nic",
                "primary": true,
                "private_ip_address": "10.122.1.4",
                "private_ip_address_allocation": "Dynamic",
                "private_ip_address_version": "IPv4",
                "public_ip_address_id": "/subscriptions/f81e2c50-1e05-4c86-b7e7-6926e8e33043/resourceGroups/Dev-Environment/providers/Microsoft.Network/publicIPAddresses/Dev-Public-ip",
                "subnet_id": "/subscriptions/f81e2c50-1e05-4c86-b7e7-6926e8e33043/resourceGroups/Dev-Environment/providers/Microsoft.Network/virtualNetworks/Dev-VirtualNetwork/subnets/Dev-Public-subnet"
              }
            ],
            "location": "australiaeast",
            "mac_address": "60-45-BD-E4-84-61",
            "name": "Devlopment-nic",
            "private_ip_address": "10.122.1.4",
            "private_ip_addresses": [
              "10.122.1.4"
            ],
            "resource_group_name": "Dev-Environment",
            "tags": {
              "environment": "dev"
            },
            "timeouts": null,
            "virtual_machine_id": "/subscriptions/f81e2c50-1e05-4c86-b7e7-6926e8e33043/resourceGroups/Dev-Environment/providers/Microsoft.Compute/virtualMachines/dev-vm"
          },
          "sensitive_attributes": [],
          "private": "eyJlMmJmYjczMC1lY2FhLTExZTYtOGY4OC0zNDM2M2JjN2M0YzAiOnsiY3JlYXRlIjoxODAwMDAwMDAwMDAwLCJkZWxldGUiOjE4MDAwMDAwMDAwMDAsInJlYWQiOjMwMDAwMDAwMDAwMCwidXBkYXRlIjoxODAwMDAwMDAwMDAwfX0=",
          "dependencies": [
            "azurerm_public_ip.Dev-Publicip",
            "azurerm_resource_group.Dev-Environment",
            "azurerm_subnet.Dev-Public-subnet",
            "azurerm_virtual_network.Dev-VN"
          ]
        }
      ]
    },
    {
      "mode": "managed",
      "type": "azurerm_network_security_group",
      "name": "Dev-NSG",
      "provider": "provider[\"registry.terraform.io/hashicorp/azurerm\"]",
      "instances": [
        {
          "schema_version": 0,
          "attributes": {
            "id": "/subscriptions/f81e2c50-1e05-4c86-b7e7-6926e8e33043/resourceGroups/Dev-Environment/providers/Microsoft.Network/networkSecurityGroups/Dev-NSG",
            "location": "australiaeast",
            "name": "Dev-NSG",
            "resource_group_name": "Dev-Environment",
            "security_rule": [
              {
                "access": "Allow",
                "description": "",
                "destination_address_prefix": "*",
                "destination_address_prefixes": [],
                "destination_application_security_group_ids": [],
                "destination_port_range": "*",
                "destination_port_ranges": [],
                "direction": "Inbound",
                "name": "test123",
                "priority": 100,
                "protocol": "Tcp",
                "source_address_prefix": "*",
                "source_address_prefixes": [],
                "source_application_security_group_ids": [],
                "source_port_range": "*",
                "source_port_ranges": []
              }
            ],
            "tags": {},
            "timeouts": null
          },
          "sensitive_attributes": [],
          "private": "eyJlMmJmYjczMC1lY2FhLTExZTYtOGY4OC0zNDM2M2JjN2M0YzAiOnsiY3JlYXRlIjoxODAwMDAwMDAwMDAwLCJkZWxldGUiOjE4MDAwMDAwMDAwMDAsInJlYWQiOjMwMDAwMDAwMDAwMCwidXBkYXRlIjoxODAwMDAwMDAwMDAwfX0=",
          "dependencies": [
            "azurerm_resource_group.Dev-Environment"
          ]
        }
      ]
    },
    {
      "mode": "managed",
      "type": "azurerm_public_ip",
      "name": "Dev-Publicip",
      "provider": "provider[\"registry.terraform.io/hashicorp/azurerm\"]",
      "instances": [
        {
          "schema_version": 0,
          "attributes": {
            "allocation_method": "Dynamic",
            "ddos_protection_mode": "VirtualNetworkInherited",
            "ddos_protection_plan_id": null,
            "domain_name_label": null,
            "edge_zone": "",
            "fqdn": null,
            "id": "/subscriptions/f81e2c50-1e05-4c86-b7e7-6926e8e33043/resourceGroups/Dev-Environment/providers/Microsoft.Network/publicIPAddresses/Dev-Public-ip",
            "idle_timeout_in_minutes": 4,
            "ip_address": "20.211.113.3",
            "ip_tags": {},
            "ip_version": "IPv4",
            "location": "australiaeast",
            "name": "Dev-Public-ip",
            "public_ip_prefix_id": null,
            "resource_group_name": "Dev-Environment",
            "reverse_fqdn": null,
            "sku": "Basic",
            "sku_tier": "Regional",
            "tags": {
              "environment": "Dev"
            },
            "timeouts": null,
            "zones": []
          },
          "sensitive_attributes": [],
          "private": "eyJlMmJmYjczMC1lY2FhLTExZTYtOGY4OC0zNDM2M2JjN2M0YzAiOnsiY3JlYXRlIjoxODAwMDAwMDAwMDAwLCJkZWxldGUiOjE4MDAwMDAwMDAwMDAsInJlYWQiOjMwMDAwMDAwMDAwMCwidXBkYXRlIjoxODAwMDAwMDAwMDAwfX0=",
          "dependencies": [
            "azurerm_resource_group.Dev-Environment"
          ]
        }
      ]
    },
    {
      "mode": "managed",
      "type": "azurerm_resource_group",
      "name": "Dev-Environment",
      "provider": "provider[\"registry.terraform.io/hashicorp/azurerm\"]",
      "instances": [
        {
          "schema_version": 0,
          "attributes": {
            "id": "/subscriptions/f81e2c50-1e05-4c86-b7e7-6926e8e33043/resourceGroups/Dev-Environment",
            "location": "australiaeast",
            "managed_by": "",
            "name": "Dev-Environment",
            "tags": {},
            "timeouts": null
          },
          "sensitive_attributes": [],
          "private": "eyJlMmJmYjczMC1lY2FhLTExZTYtOGY4OC0zNDM2M2JjN2M0YzAiOnsiY3JlYXRlIjo1NDAwMDAwMDAwMDAwLCJkZWxldGUiOjU0MDAwMDAwMDAwMDAsInJlYWQiOjMwMDAwMDAwMDAwMCwidXBkYXRlIjo1NDAwMDAwMDAwMDAwfX0="
        }
      ]
    },
    {
      "mode": "managed",
      "type": "azurerm_subnet",
      "name": "Dev-Public-subnet",
      "provider": "provider[\"registry.terraform.io/hashicorp/azurerm\"]",
      "instances": [
        {
          "schema_version": 0,
          "attributes": {
            "address_prefixes": [
              "10.122.1.0/24"
            ],
            "delegation": [],
            "enforce_private_link_endpoint_network_policies": false,
            "enforce_private_link_service_network_policies": false,
            "id": "/subscriptions/f81e2c50-1e05-4c86-b7e7-6926e8e33043/resourceGroups/Dev-Environment/providers/Microsoft.Network/virtualNetworks/Dev-VirtualNetwork/subnets/Dev-Public-subnet",
            "name": "Dev-Public-subnet",
            "private_endpoint_network_policies_enabled": true,
            "private_link_service_network_policies_enabled": true,
            "resource_group_name": "Dev-Environment",
            "service_endpoint_policy_ids": [],
            "service_endpoints": [],
            "timeouts": null,
            "virtual_network_name": "Dev-VirtualNetwork"
          },
          "sensitive_attributes": [],
          "private": "eyJlMmJmYjczMC1lY2FhLTExZTYtOGY4OC0zNDM2M2JjN2M0YzAiOnsiY3JlYXRlIjoxODAwMDAwMDAwMDAwLCJkZWxldGUiOjE4MDAwMDAwMDAwMDAsInJlYWQiOjMwMDAwMDAwMDAwMCwidXBkYXRlIjoxODAwMDAwMDAwMDAwfX0=",
          "dependencies": [
            "azurerm_resource_group.Dev-Environment",
            "azurerm_virtual_network.Dev-VN"
          ]
        }
      ]
    },
    {
      "mode": "managed",
      "type": "azurerm_virtual_network",
      "name": "Dev-VN",
      "provider": "provider[\"registry.terraform.io/hashicorp/azurerm\"]",
      "instances": [
        {
          "schema_version": 0,
          "attributes": {
            "address_space": [
              "10.122.0.0/16"
            ],
            "bgp_community": "",
            "ddos_protection_plan": [],
            "dns_servers": [],
            "edge_zone": "",
            "encryption": [],
            "flow_timeout_in_minutes": 0,
            "guid": "e7a488ec-2180-430d-999b-4a46557075bd",
            "id": "/subscriptions/f81e2c50-1e05-4c86-b7e7-6926e8e33043/resourceGroups/Dev-Environment/providers/Microsoft.Network/virtualNetworks/Dev-VirtualNetwork",
            "location": "australiaeast",
            "name": "Dev-VirtualNetwork",
            "resource_group_name": "Dev-Environment",
            "subnet": [
              {
                "address_prefix": "10.122.1.0/24",
                "id": "/subscriptions/f81e2c50-1e05-4c86-b7e7-6926e8e33043/resourceGroups/Dev-Environment/providers/Microsoft.Network/virtualNetworks/Dev-VirtualNetwork/subnets/Dev-Public-subnet",
                "name": "Dev-Public-subnet",
                "security_group": ""
              }
            ],
            "tags": {
              "environment": "Dev-VN"
            },
            "timeouts": null
          },
          "sensitive_attributes": [],
          "private": "eyJlMmJmYjczMC1lY2FhLTExZTYtOGY4OC0zNDM2M2JjN2M0YzAiOnsiY3JlYXRlIjoxODAwMDAwMDAwMDAwLCJkZWxldGUiOjE4MDAwMDAwMDAwMDAsInJlYWQiOjMwMDAwMDAwMDAwMCwidXBkYXRlIjoxODAwMDAwMDAwMDAwfX0=",
          "dependencies": [
            "azurerm_resource_group.Dev-Environment"
          ]
        }
      ]
    }
  ],
  "check_results": null
}
